
Microsoft Visual Studio Solution File, Format Version 12.00
# Visual Studio Version 17
VisualStudioVersion = 17.0.31903.59
MinimumVisualStudioVersion = 10.0.40219.1
Project("{2150E333-8FDC-42A3-9474-1A3956D46DE8}") = "src", "src", "{827E0CD3-B72D-47B6-A68D-7590B98EB39B}"
EndProject
Project("{FAE04EC0-301F-11D3-BF4B-00C04F79EFBC}") = "Bola", "src\Bola\Bola.csproj", "{9C63159E-7C90-4BEB-93AF-976B19748C52}"
EndProject
Project("{FAE04EC0-301F-11D3-BF4B-00C04F79EFBC}") = "Bola.Core", "src\Bola.Core\Bola.Core.csproj", "{DCAF01D9-D01D-48D7-A6BC-7F2449517C67}"
EndProject
Project("{2150E333-8FDC-42A3-9474-1A3956D46DE8}") = "tests", "tests", "{0AB3BF05-4346-4AA6-1389-037BE0695223}"
EndProject
Project("{FAE04EC0-301F-11D3-BF4B-00C04F79EFBC}") = "Bola.Core.Tests", "tests\Bola.Core.Tests\Bola.Core.Tests.csproj", "{797F115C-ED8E-4895-8E3D-E6EC4CC8947D}"
EndProject
Project("{FAE04EC0-301F-11D3-BF4B-00C04F79EFBC}") = "Bola.RuntimeSmoke", "tests\Bola.RuntimeSmoke\Bola.RuntimeSmoke.csproj", "{5941515E-61B9-4366-9C20-1777058A2712}"
EndProject
Global
	GlobalSection(SolutionConfigurationPlatforms) = preSolution
		Debug|Any CPU = Debug|Any CPU
		Debug|x64 = Debug|x64
		Debug|x86 = Debug|x86
		Release|Any CPU = Release|Any CPU
		Release|x64 = Release|x64
		Release|x86 = Release|x86
	EndGlobalSection
	GlobalSection(ProjectConfigurationPlatforms) = postSolution
		{9C63159E-7C90-4BEB-93AF-976B19748C52}.Debug|Any CPU.ActiveCfg = Debug|Any CPU
		{9C63159E-7C90-4BEB-93AF-976B19748C52}.Debug|Any CPU.Build.0 = Debug|Any CPU
		{9C63159E-7C90-4BEB-93AF-976B19748C52}.Debug|x64.ActiveCfg = Debug|Any CPU
		{9C63159E-7C90-4BEB-93AF-976B19748C52}.Debug|x64.Build.0 = Debug|Any CPU
		{9C63159E-7C90-4BEB-93AF-976B19748C52}.Debug|x86.ActiveCfg = Debug|Any CPU
		{9C63159E-7C90-4BEB-93AF-976B19748C52}.Debug|x86.Build.0 = Debug|Any CPU
		{9C63159E-7C90-4BEB-93AF-976B19748C52}.Release|Any CPU.ActiveCfg = Release|Any CPU
		{9C63159E-7C90-4BEB-93AF-976B19748C52}.Release|Any CPU.Build.0 = Release|Any CPU
		{9C63159E-7C90-4BEB-93AF-976B19748C52}.Release|x64.ActiveCfg = Release|Any CPU
		{9C63159E-7C90-4BEB-93AF-976B19748C52}.Release|x64.Build.0 = Release|Any CPU
		{9C63159E-7C90-4BEB-93AF-976B19748C52}.Release|x86.ActiveCfg = Release|Any CPU
		{9C63159E-7C90-4BEB-93AF-976B19748C52}.Release|x86.Build.0 = Release|Any CPU
		{DCAF01D9-D01D-48D7-A6BC-7F2449517C67}.Debug|Any CPU.ActiveCfg = Debug|Any CPU
		{DCAF01D9-D01D-48D7-A6BC-7F2449517C67}.Debug|Any CPU.Build.0 = Debug|Any CPU
		{DCAF01D9-D01D-48D7-A6BC-7F2449517C67}.Debug|x64.ActiveCfg = Debug|Any CPU
		{DCAF01D9-D01D-48D7-A6BC-7F2449517C67}.Debug|x64.Build.0 = Debug|Any CPU
		{DCAF01D9-D01D-48D7-A6BC-7F2449517C67}.Debug|x86.ActiveCfg = Debug|Any CPU
		{DCAF01D9-D01D-48D7-A6BC-7F2449517C67}.Debug|x86.Build.0 = Debug|Any CPU
		{DCAF01D9-D01D-48D7-A6BC-7F2449517C67}.Release|Any CPU.ActiveCfg = Release|Any CPU
		{DCAF01D9-D01D-48D7-A6BC-7F2449517C67}.Release|Any CPU.Build.0 = Release|Any CPU
		{DCAF01D9-D01D-48D7-A6BC-7F2449517C67}.Release|x64.ActiveCfg = Release|Any CPU
		{DCAF01D9-D01D-48D7-A6BC-7F2449517C67}.Release|x64.Build.0 = Release|Any CPU
		{DCAF01D9-D01D-48D7-A6BC-7F2449517C67}.Release|x86.ActiveCfg = Release|Any CPU
		{DCAF01D9-D01D-48D7-A6BC-7F2449517C67}.Release|x86.Build.0 = Release|Any CPU
		{797F115C-ED8E-4895-8E3D-E6EC4CC8947D}.Debug|Any CPU.ActiveCfg = Debug|Any CPU
		{797F115C-ED8E-4895-8E3D-E6EC4CC8947D}.Debug|Any CPU.Build.0 = Debug|Any CPU
		{797F115C-ED8E-4895-8E3D-E6EC4CC8947D}.Debug|x64.ActiveCfg = Debug|Any CPU
		{797F115C-ED8E-4895-8E3D-E6EC4CC8947D}.Debug|x64.Build.0 = Debug|Any CPU
		{797F115C-ED8E-4895-8E3D-E6EC4CC8947D}.Debug|x86.ActiveCfg = Debug|Any CPU
		{797F115C-ED8E-4895-8E3D-E6EC4CC8947D}.Debug|x86.Build.0 = Debug|Any CPU
		{797F115C-ED8E-4895-8E3D-E6EC4CC8947D}.Release|Any CPU.ActiveCfg = Release|Any CPU
		{797F115C-ED8E-4895-8E3D-E6EC4CC8947D}.Release|Any CPU.Build.0 = Release|Any CPU
		{797F115C-ED8E-4895-8E3D-E6EC4CC8947D}.Release|x64.ActiveCfg = Release|Any CPU
		{797F115C-ED8E-4895-8E3D-E6EC4CC8947D}.Release|x64.Build.0 = Release|Any CPU
		{797F115C-ED8E-4895-8E3D-E6EC4CC8947D}.Release|x86.ActiveCfg = Release|Any CPU
		{797F115C-ED8E-4895-8E3D-E6EC4CC8947D}.Release|x86.Build.0 = Release|Any CPU
		{5941515E-61B9-4366-9C20-1777058A2712}.Debug|Any CPU.ActiveCfg = Debug|Any CPU
		{5941515E-61B9-4366-9C20-1777058A2712}.Debug|Any CPU.Build.0 = Debug|Any CPU
		{5941515E-61B9-4366-9C20-1777058A2712}.Debug|x64.ActiveCfg = Debug|Any CPU
		{5941515E-61B9-4366-9C20-1777058A2712}.Debug|x64.Build.0 = Debug|Any CPU
		{5941515E-61B9-4366-9C20-1777058A2712}.Debug|x86.ActiveCfg = Debug|Any CPU
		{5941515E-61B9-4366-9C20-1777058A2712}.Debug|x86.Build.0 = Debug|Any CPU
		{5941515E-61B9-4366-9C20-1777058A2712}.Release|Any CPU.ActiveCfg = Release|Any CPU
		{5941515E-61B9-4366-9C20-1777058A2712}.Release|Any CPU.Build.0 = Release|Any CPU
		{5941515E-61B9-4366-9C20-1777058A2712}.Release|x64.ActiveCfg = Release|Any CPU
		{5941515E-61B9-4366-9C20-1777058A2712}.Release|x64.Build.0 = Release|Any CPU
		{5941515E-61B9-4366-9C20-1777058A2712}.Release|x86.ActiveCfg = Release|Any CPU
		{5941515E-61B9-4366-9C20-1777058A2712}.Release|x86.Build.0 = Release|Any CPU
	EndGlobalSection
	GlobalSection(SolutionProperties) = preSolution
		HideSolutionNode = FALSE
	EndGlobalSection
	GlobalSection(NestedProjects) = preSolution
		{9C63159E-7C90-4BEB-93AF-976B19748C52} = {827E0CD3-B72D-47B6-A68D-7590B98EB39B}
		{DCAF01D9-D01D-48D7-A6BC-7F2449517C67} = {827E0CD3-B72D-47B6-A68D-7590B98EB39B}
		{797F115C-ED8E-4895-8E3D-E6EC4CC8947D} = {0AB3BF05-4346-4AA6-1389-037BE0695223}
		{5941515E-61B9-4366-9C20-1777058A2712} = {0AB3BF05-4346-4AA6-1389-037BE0695223}
	EndGlobalSection
EndGlobal
